// !$*UTF8*$!
{
	archiveVersion = 1;
	classes = {
	};
	objectVersion = 50;
	objects = {

/* Begin PBXBuildFile section */
		098AADB2227303AB00432B87 /* ProtoVIPER.framework in Frameworks */ = {isa = PBXBuildFile; fileRef = 098AADA8227303AA00432B87 /* ProtoVIPER.framework */; };
		098AADB7227303AB00432B87 /* ProtoVIPERTests.swift in Sources */ = {isa = PBXBuildFile; fileRef = 098AADB6227303AB00432B87 /* ProtoVIPERTests.swift */; };
		098AADB9227303AB00432B87 /* ProtoVIPER.h in Headers */ = {isa = PBXBuildFile; fileRef = 098AADAB227303AA00432B87 /* ProtoVIPER.h */; settings = {ATTRIBUTES = (Public, ); }; };
		098AADC32273044100432B87 /* ModuleProtocols.swift in Sources */ = {isa = PBXBuildFile; fileRef = 098AADC22273044100432B87 /* ModuleProtocols.swift */; };
		098AADC52273047100432B87 /* DependencyResolver.swift in Sources */ = {isa = PBXBuildFile; fileRef = 098AADC42273047100432B87 /* DependencyResolver.swift */; };
		098AADC72273049D00432B87 /* RouterBase.swift in Sources */ = {isa = PBXBuildFile; fileRef = 098AADC62273049D00432B87 /* RouterBase.swift */; };
		098AADC9227304BC00432B87 /* PresenterBase.swift in Sources */ = {isa = PBXBuildFile; fileRef = 098AADC8227304BB00432B87 /* PresenterBase.swift */; };
/* End PBXBuildFile section */

/* Begin PBXContainerItemProxy section */
		098AADB3227303AB00432B87 /* PBXContainerItemProxy */ = {
			isa = PBXContainerItemProxy;
			containerPortal = 098AAD9F227303AA00432B87 /* Project object */;
			proxyType = 1;
			remoteGlobalIDString = 098AADA7227303AA00432B87;
			remoteInfo = ProtoVIPER;
		};
/* End PBXContainerItemProxy section */

/* Begin PBXFileReference section */
		098AADA8227303AA00432B87 /* ProtoVIPER.framework */ = {isa = PBXFileReference; explicitFileType = wrapper.framework; includeInIndex = 0; path = ProtoVIPER.framework; sourceTree = BUILT_PRODUCTS_DIR; };
		098AADAB227303AA00432B87 /* ProtoVIPER.h */ = {isa = PBXFileReference; lastKnownFileType = sourcecode.c.h; path = ProtoVIPER.h; sourceTree = "<group>"; };
		098AADAC227303AA00432B87 /* Info.plist */ = {isa = PBXFileReference; lastKnownFileType = text.plist.xml; path = Info.plist; sourceTree = "<group>"; };
		098AADB1227303AB00432B87 /* ProtoVIPERTests.xctest */ = {isa = PBXFileReference; explicitFileType = wrapper.cfbundle; includeInIndex = 0; path = ProtoVIPERTests.xctest; sourceTree = BUILT_PRODUCTS_DIR; };
		098AADB6227303AB00432B87 /* ProtoVIPERTests.swift */ = {isa = PBXFileReference; lastKnownFileType = sourcecode.swift; path = ProtoVIPERTests.swift; sourceTree = "<group>"; };
		098AADB8227303AB00432B87 /* Info.plist */ = {isa = PBXFileReference; lastKnownFileType = text.plist.xml; path = Info.plist; sourceTree = "<group>"; };
		098AADC22273044100432B87 /* ModuleProtocols.swift */ = {isa = PBXFileReference; lastKnownFileType = sourcecode.swift; path = ModuleProtocols.swift; sourceTree = "<group>"; };
		098AADC42273047100432B87 /* DependencyResolver.swift */ = {isa = PBXFileReference; lastKnownFileType = sourcecode.swift; path = DependencyResolver.swift; sourceTree = "<group>"; };
		098AADC62273049D00432B87 /* RouterBase.swift */ = {isa = PBXFileReference; lastKnownFileType = sourcecode.swift; path = RouterBase.swift; sourceTree = "<group>"; };
		098AADC8227304BB00432B87 /* PresenterBase.swift */ = {isa = PBXFileReference; lastKnownFileType = sourcecode.swift; path = PresenterBase.swift; sourceTree = "<group>"; };
/* End PBXFileReference section */

/* Begin PBXFrameworksBuildPhase section */
		098AADA5227303AA00432B87 /* Frameworks */ = {
			isa = PBXFrameworksBuildPhase;
			buildActionMask = 2147483647;
			files = (
			);
			runOnlyForDeploymentPostprocessing = 0;
		};
		098AADAE227303AB00432B87 /* Frameworks */ = {
			isa = PBXFrameworksBuildPhase;
			buildActionMask = 2147483647;
			files = (
				098AADB2227303AB00432B87 /* ProtoVIPER.framework in Frameworks */,
			);
			runOnlyForDeploymentPostprocessing = 0;
		};
/* End PBXFrameworksBuildPhase section */

/* Begin PBXGroup section */
		098AAD9E227303AA00432B87 = {
			isa = PBXGroup;
			children = (
				098AADAA227303AA00432B87 /* ProtoVIPER */,
				098AADB5227303AB00432B87 /* ProtoVIPERTests */,
				098AADA9227303AA00432B87 /* Products */,
			);
			sourceTree = "<group>";
		};
		098AADA9227303AA00432B87 /* Products */ = {
			isa = PBXGroup;
			children = (
				098AADA8227303AA00432B87 /* ProtoVIPER.framework */,
				098AADB1227303AB00432B87 /* ProtoVIPERTests.xctest */,
			);
			name = Products;
			sourceTree = "<group>";
		};
		098AADAA227303AA00432B87 /* ProtoVIPER */ = {
			isa = PBXGroup;
			children = (
				098AADCD2273050100432B87 /* Source */,
				098AADCA227304D600432B87 /* Supporting files */,
			);
			path = ProtoVIPER;
			sourceTree = "<group>";
		};
		098AADB5227303AB00432B87 /* ProtoVIPERTests */ = {
			isa = PBXGroup;
			children = (
				098AADB6227303AB00432B87 /* ProtoVIPERTests.swift */,
				098AADB8227303AB00432B87 /* Info.plist */,
			);
			path = ProtoVIPERTests;
			sourceTree = "<group>";
		};
		098AADCA227304D600432B87 /* Supporting files */ = {
			isa = PBXGroup;
			children = (
				098AADAB227303AA00432B87 /* ProtoVIPER.h */,
				098AADAC227303AA00432B87 /* Info.plist */,
			);
			path = "Supporting files";
			sourceTree = "<group>";
		};
		098AADCB227304E400432B87 /* Base classes */ = {
			isa = PBXGroup;
			children = (
				098AADC62273049D00432B87 /* RouterBase.swift */,
				098AADC8227304BB00432B87 /* PresenterBase.swift */,
			);
			path = "Base classes";
			sourceTree = "<group>";
		};
		098AADCC227304F300432B87 /* Core */ = {
			isa = PBXGroup;
			children = (
				098AADC22273044100432B87 /* ModuleProtocols.swift */,
				098AADC42273047100432B87 /* DependencyResolver.swift */,
			);
			path = Core;
			sourceTree = "<group>";
		};
		098AADCD2273050100432B87 /* Source */ = {
			isa = PBXGroup;
			children = (
				098AADCC227304F300432B87 /* Core */,
				098AADCB227304E400432B87 /* Base classes */,
			);
			path = Source;
			sourceTree = "<group>";
		};
/* End PBXGroup section */

/* Begin PBXHeadersBuildPhase section */
		098AADA3227303AA00432B87 /* Headers */ = {
			isa = PBXHeadersBuildPhase;
			buildActionMask = 2147483647;
			files = (
				098AADB9227303AB00432B87 /* ProtoVIPER.h in Headers */,
			);
			runOnlyForDeploymentPostprocessing = 0;
		};
/* End PBXHeadersBuildPhase section */

/* Begin PBXNativeTarget section */
		098AADA7227303AA00432B87 /* ProtoVIPER */ = {
			isa = PBXNativeTarget;
			buildConfigurationList = 098AADBC227303AB00432B87 /* Build configuration list for PBXNativeTarget "ProtoVIPER" */;
			buildPhases = (
				098AADA3227303AA00432B87 /* Headers */,
				098AADA4227303AA00432B87 /* Sources */,
				098AADA5227303AA00432B87 /* Frameworks */,
				098AADA6227303AA00432B87 /* Resources */,
			);
			buildRules = (
			);
			dependencies = (
			);
			name = ProtoVIPER;
			productName = ProtoVIPER;
			productReference = 098AADA8227303AA00432B87 /* ProtoVIPER.framework */;
			productType = "com.apple.product-type.framework";
		};
		098AADB0227303AB00432B87 /* ProtoVIPERTests */ = {
			isa = PBXNativeTarget;
			buildConfigurationList = 098AADBF227303AB00432B87 /* Build configuration list for PBXNativeTarget "ProtoVIPERTests" */;
			buildPhases = (
				098AADAD227303AB00432B87 /* Sources */,
				098AADAE227303AB00432B87 /* Frameworks */,
				098AADAF227303AB00432B87 /* Resources */,
			);
			buildRules = (
			);
			dependencies = (
				098AADB4227303AB00432B87 /* PBXTargetDependency */,
			);
			name = ProtoVIPERTests;
			productName = ProtoVIPERTests;
			productReference = 098AADB1227303AB00432B87 /* ProtoVIPERTests.xctest */;
			productType = "com.apple.product-type.bundle.unit-test";
		};
/* End PBXNativeTarget section */

/* Begin PBXProject section */
		098AAD9F227303AA00432B87 /* Project object */ = {
			isa = PBXProject;
			attributes = {
				LastSwiftUpdateCheck = 1020;
				LastUpgradeCheck = 1020;
				ORGANIZATIONNAME = "Ilya Stroganov";
				TargetAttributes = {
					098AADA7227303AA00432B87 = {
						CreatedOnToolsVersion = 10.2.1;
						LastSwiftMigration = 1020;
					};
					098AADB0227303AB00432B87 = {
						CreatedOnToolsVersion = 10.2.1;
					};
				};
			};
			buildConfigurationList = 098AADA2227303AA00432B87 /* Build configuration list for PBXProject "ProtoVIPER" */;
			compatibilityVersion = "Xcode 9.3";
			developmentRegion = en;
			hasScannedForEncodings = 0;
			knownRegions = (
				en,
			);
			mainGroup = 098AAD9E227303AA00432B87;
			productRefGroup = 098AADA9227303AA00432B87 /* Products */;
			projectDirPath = "";
			projectRoot = "";
			targets = (
				098AADA7227303AA00432B87 /* ProtoVIPER */,
				098AADB0227303AB00432B87 /* ProtoVIPERTests */,
			);
		};
/* End PBXProject section */

/* Begin PBXResourcesBuildPhase section */
		098AADA6227303AA00432B87 /* Resources */ = {
			isa = PBXResourcesBuildPhase;
			buildActionMask = 2147483647;
			files = (
			);
			runOnlyForDeploymentPostprocessing = 0;
		};
		098AADAF227303AB00432B87 /* Resources */ = {
			isa = PBXResourcesBuildPhase;
			buildActionMask = 2147483647;
			files = (
			);
			runOnlyForDeploymentPostprocessing = 0;
		};
/* End PBXResourcesBuildPhase section */

/* Begin PBXSourcesBuildPhase section */
		098AADA4227303AA00432B87 /* Sources */ = {
			isa = PBXSourcesBuildPhase;
			buildActionMask = 2147483647;
			files = (
				098AADC52273047100432B87 /* DependencyResolver.swift in Sources */,
				098AADC9227304BC00432B87 /* PresenterBase.swift in Sources */,
				098AADC72273049D00432B87 /* RouterBase.swift in Sources */,
				098AADC32273044100432B87 /* ModuleProtocols.swift in Sources */,
			);
			runOnlyForDeploymentPostprocessing = 0;
		};
		098AADAD227303AB00432B87 /* Sources */ = {
			isa = PBXSourcesBuildPhase;
			buildActionMask = 2147483647;
			files = (
				098AADB7227303AB00432B87 /* ProtoVIPERTests.swift in Sources */,
			);
			runOnlyForDeploymentPostprocessing = 0;
		};
/* End PBXSourcesBuildPhase section */

/* Begin PBXTargetDependency section */
		098AADB4227303AB00432B87 /* PBXTargetDependency */ = {
			isa = PBXTargetDependency;
			target = 098AADA7227303AA00432B87 /* ProtoVIPER */;
			targetProxy = 098AADB3227303AB00432B87 /* PBXContainerItemProxy */;
		};
/* End PBXTargetDependency section */

/* Begin XCBuildConfiguration section */
		098AADBA227303AB00432B87 /* Debug */ = {
			isa = XCBuildConfiguration;
			buildSettings = {
				ALWAYS_SEARCH_USER_PATHS = NO;
				CLANG_ANALYZER_NONNULL = YES;
				CLANG_ANALYZER_NUMBER_OBJECT_CONVERSION = YES_AGGRESSIVE;
				CLANG_CXX_LANGUAGE_STANDARD = "gnu++14";
				CLANG_CXX_LIBRARY = "libc++";
				CLANG_ENABLE_MODULES = YES;
				CLANG_ENABLE_OBJC_ARC = YES;
				CLANG_ENABLE_OBJC_WEAK = YES;
				CLANG_WARN_BLOCK_CAPTURE_AUTORELEASING = YES;
				CLANG_WARN_BOOL_CONVERSION = YES;
				CLANG_WARN_COMMA = YES;
				CLANG_WARN_CONSTANT_CONVERSION = YES;
				CLANG_WARN_DEPRECATED_OBJC_IMPLEMENTATIONS = YES;
				CLANG_WARN_DIRECT_OBJC_ISA_USAGE = YES_ERROR;
				CLANG_WARN_DOCUMENTATION_COMMENTS = YES;
				CLANG_WARN_EMPTY_BODY = YES;
				CLANG_WARN_ENUM_CONVERSION = YES;
				CLANG_WARN_INFINITE_RECURSION = YES;
				CLANG_WARN_INT_CONVERSION = YES;
				CLANG_WARN_NON_LITERAL_NULL_CONVERSION = YES;
				CLANG_WARN_OBJC_IMPLICIT_RETAIN_SELF = YES;
				CLANG_WARN_OBJC_LITERAL_CONVERSION = YES;
				CLANG_WARN_OBJC_ROOT_CLASS = YES_ERROR;
				CLANG_WARN_RANGE_LOOP_ANALYSIS = YES;
				CLANG_WARN_STRICT_PROTOTYPES = YES;
				CLANG_WARN_SUSPICIOUS_MOVE = YES;
				CLANG_WARN_UNGUARDED_AVAILABILITY = YES_AGGRESSIVE;
				CLANG_WARN_UNREACHABLE_CODE = YES;
				CLANG_WARN__DUPLICATE_METHOD_MATCH = YES;
				CODE_SIGN_IDENTITY = "iPhone Developer";
				COPY_PHASE_STRIP = NO;
				CURRENT_PROJECT_VERSION = 1;
				DEBUG_INFORMATION_FORMAT = dwarf;
				ENABLE_STRICT_OBJC_MSGSEND = YES;
				ENABLE_TESTABILITY = YES;
				GCC_C_LANGUAGE_STANDARD = gnu11;
				GCC_DYNAMIC_NO_PIC = NO;
				GCC_NO_COMMON_BLOCKS = YES;
				GCC_OPTIMIZATION_LEVEL = 0;
				GCC_PREPROCESSOR_DEFINITIONS = (
					"DEBUG=1",
					"$(inherited)",
				);
				GCC_WARN_64_TO_32_BIT_CONVERSION = YES;
				GCC_WARN_ABOUT_RETURN_TYPE = YES_ERROR;
				GCC_WARN_UNDECLARED_SELECTOR = YES;
				GCC_WARN_UNINITIALIZED_AUTOS = YES_AGGRESSIVE;
				GCC_WARN_UNUSED_FUNCTION = YES;
				GCC_WARN_UNUSED_VARIABLE = YES;
				IPHONEOS_DEPLOYMENT_TARGET = 10.0;
				MTL_ENABLE_DEBUG_INFO = INCLUDE_SOURCE;
				MTL_FAST_MATH = YES;
				ONLY_ACTIVE_ARCH = YES;
				SDKROOT = iphoneos;
				SWIFT_ACTIVE_COMPILATION_CONDITIONS = DEBUG;
				SWIFT_OPTIMIZATION_LEVEL = "-Onone";
				VERSIONING_SYSTEM = "apple-generic";
				VERSION_INFO_PREFIX = "";
			};
			name = Debug;
		};
		098AADBB227303AB00432B87 /* Release */ = {
			isa = XCBuildConfiguration;
			buildSettings = {
				ALWAYS_SEARCH_USER_PATHS = NO;
				CLANG_ANALYZER_NONNULL = YES;
				CLANG_ANALYZER_NUMBER_OBJECT_CONVERSION = YES_AGGRESSIVE;
				CLANG_CXX_LANGUAGE_STANDARD = "gnu++14";
				CLANG_CXX_LIBRARY = "libc++";
				CLANG_ENABLE_MODULES = YES;
				CLANG_ENABLE_OBJC_ARC = YES;
				CLANG_ENABLE_OBJC_WEAK = YES;
				CLANG_WARN_BLOCK_CAPTURE_AUTORELEASING = YES;
				CLANG_WARN_BOOL_CONVERSION = YES;
				CLANG_WARN_COMMA = YES;
				CLANG_WARN_CONSTANT_CONVERSION = YES;
				CLANG_WARN_DEPRECATED_OBJC_IMPLEMENTATIONS = YES;
				CLANG_WARN_DIRECT_OBJC_ISA_USAGE = YES_ERROR;
				CLANG_WARN_DOCUMENTATION_COMMENTS = YES;
				CLANG_WARN_EMPTY_BODY = YES;
				CLANG_WARN_ENUM_CONVERSION = YES;
				CLANG_WARN_INFINITE_RECURSION = YES;
				CLANG_WARN_INT_CONVERSION = YES;
				CLANG_WARN_NON_LITERAL_NULL_CONVERSION = YES;
				CLANG_WARN_OBJC_IMPLICIT_RETAIN_SELF = YES;
				CLANG_WARN_OBJC_LITERAL_CONVERSION = YES;
				CLANG_WARN_OBJC_ROOT_CLASS = YES_ERROR;
				CLANG_WARN_RANGE_LOOP_ANALYSIS = YES;
				CLANG_WARN_STRICT_PROTOTYPES = YES;
				CLANG_WARN_SUSPICIOUS_MOVE = YES;
				CLANG_WARN_UNGUARDED_AVAILABILITY = YES_AGGRESSIVE;
				CLANG_WARN_UNREACHABLE_CODE = YES;
				CLANG_WARN__DUPLICATE_METHOD_MATCH = YES;
				CODE_SIGN_IDENTITY = "iPhone Developer";
				COPY_PHASE_STRIP = NO;
				CURRENT_PROJECT_VERSION = 1;
				DEBUG_INFORMATION_FORMAT = "dwarf-with-dsym";
				ENABLE_NS_ASSERTIONS = NO;
				ENABLE_STRICT_OBJC_MSGSEND = YES;
				GCC_C_LANGUAGE_STANDARD = gnu11;
				GCC_NO_COMMON_BLOCKS = YES;
				GCC_WARN_64_TO_32_BIT_CONVERSION = YES;
				GCC_WARN_ABOUT_RETURN_TYPE = YES_ERROR;
				GCC_WARN_UNDECLARED_SELECTOR = YES;
				GCC_WARN_UNINITIALIZED_AUTOS = YES_AGGRESSIVE;
				GCC_WARN_UNUSED_FUNCTION = YES;
				GCC_WARN_UNUSED_VARIABLE = YES;
				IPHONEOS_DEPLOYMENT_TARGET = 10.0;
				MTL_ENABLE_DEBUG_INFO = NO;
				MTL_FAST_MATH = YES;
				SDKROOT = iphoneos;
				SWIFT_COMPILATION_MODE = wholemodule;
				SWIFT_OPTIMIZATION_LEVEL = "-O";
				VALIDATE_PRODUCT = YES;
				VERSIONING_SYSTEM = "apple-generic";
				VERSION_INFO_PREFIX = "";
			};
			name = Release;
		};
		098AADBD227303AB00432B87 /* Debug */ = {
			isa = XCBuildConfiguration;
			buildSettings = {
				CLANG_ENABLE_MODULES = YES;
				CODE_SIGN_IDENTITY = "";
				CODE_SIGN_STYLE = Automatic;
				DEFINES_MODULE = YES;
				DEVELOPMENT_TEAM = 2UU454UQPG;
				DYLIB_COMPATIBILITY_VERSION = 1;
				DYLIB_CURRENT_VERSION = 1;
				DYLIB_INSTALL_NAME_BASE = "@rpath";
				INFOPLIST_FILE = ProtoVIPER/Info.plist;
				INSTALL_PATH = "$(LOCAL_LIBRARY_DIR)/Frameworks";
				IPHONEOS_DEPLOYMENT_TARGET = 10.0;
				LD_RUNPATH_SEARCH_PATHS = (
					"$(inherited)",
					"@executable_path/Frameworks",
					"@loader_path/Frameworks",
				);
				PRODUCT_BUNDLE_IDENTIFIER = com.ilyastroganov.ProtoVIPER;
				PRODUCT_NAME = "$(TARGET_NAME:c99extidentifier)";
				SKIP_INSTALL = YES;
				SWIFT_OPTIMIZATION_LEVEL = "-Onone";
				SWIFT_VERSION = 5.0;
				TARGETED_DEVICE_FAMILY = "1,2";
			};
			name = Debug;
		};
		098AADBE227303AB00432B87 /* Release */ = {
			isa = XCBuildConfiguration;
			buildSettings = {
				CLANG_ENABLE_MODULES = YES;
				CODE_SIGN_IDENTITY = "";
				CODE_SIGN_STYLE = Automatic;
				DEFINES_MODULE = YES;
				DEVELOPMENT_TEAM = 2UU454UQPG;
				DYLIB_COMPATIBILITY_VERSION = 1;
				DYLIB_CURRENT_VERSION = 1;
				DYLIB_INSTALL_NAME_BASE = "@rpath";
				INFOPLIST_FILE = ProtoVIPER/Info.plist;
				INSTALL_PATH = "$(LOCAL_LIBRARY_DIR)/Frameworks";
				IPHONEOS_DEPLOYMENT_TARGET = 10.0;
				LD_RUNPATH_SEARCH_PATHS = (
					"$(inherited)",
					"@executable_path/Frameworks",
					"@loader_path/Frameworks",
				);
				PRODUCT_BUNDLE_IDENTIFIER = com.ilyastroganov.ProtoVIPER;
				PRODUCT_NAME = "$(TARGET_NAME:c99extidentifier)";
				SKIP_INSTALL = YES;
				SWIFT_VERSION = 5.0;
				TARGETED_DEVICE_FAMILY = "1,2";
			};
			name = Release;
		};
		098AADC0227303AB00432B87 /* Debug */ = {
			isa = XCBuildConfiguration;
			buildSettings = {
				ALWAYS_EMBED_SWIFT_STANDARD_LIBRARIES = YES;
				CODE_SIGN_STYLE = Automatic;
				DEVELOPMENT_TEAM = 2UU454UQPG;
				INFOPLIST_FILE = ProtoVIPERTests/Info.plist;
				LD_RUNPATH_SEARCH_PATHS = (
					"$(inherited)",
					"@executable_path/Frameworks",
					"@loader_path/Frameworks",
				);
				PRODUCT_BUNDLE_IDENTIFIER = com.ilyastroganov.ProtoVIPERTests;
				PRODUCT_NAME = "$(TARGET_NAME)";
				SWIFT_VERSION = 5.0;
				TARGETED_DEVICE_FAMILY = "1,2";
			};
			name = Debug;
		};
		098AADC1227303AB00432B87 /* Release */ = {
			isa = XCBuildConfiguration;
			buildSettings = {
				ALWAYS_EMBED_SWIFT_STANDARD_LIBRARIES = YES;
				CODE_SIGN_STYLE = Automatic;
				DEVELOPMENT_TEAM = 2UU454UQPG;
				INFOPLIST_FILE = ProtoVIPERTests/Info.plist;
				LD_RUNPATH_SEARCH_PATHS = (
					"$(inherited)",
					"@executable_path/Frameworks",
					"@loader_path/Frameworks",
				);
				PRODUCT_BUNDLE_IDENTIFIER = com.ilyastroganov.ProtoVIPERTests;
				PRODUCT_NAME = "$(TARGET_NAME)";
				SWIFT_VERSION = 5.0;
				TARGETED_DEVICE_FAMILY = "1,2";
			};
			name = Release;
		};
/* End XCBuildConfiguration section */

/* Begin XCConfigurationList section */
		098AADA2227303AA00432B87 /* Build configuration list for PBXProject "ProtoVIPER" */ = {
			isa = XCConfigurationList;
			buildConfigurations = (
				098AADBA227303AB00432B87 /* Debug */,
				098AADBB227303AB00432B87 /* Release */,
			);
			defaultConfigurationIsVisible = 0;
			defaultConfigurationName = Release;
		};
		098AADBC227303AB00432B87 /* Build configuration list for PBXNativeTarget "ProtoVIPER" */ = {
			isa = XCConfigurationList;
			buildConfigurations = (
				098AADBD227303AB00432B87 /* Debug */,
				098AADBE227303AB00432B87 /* Release */,
			);
			defaultConfigurationIsVisible = 0;
			defaultConfigurationName = Release;
		};
		098AADBF227303AB00432B87 /* Build configuration list for PBXNativeTarget "ProtoVIPERTests" */ = {
			isa = XCConfigurationList;
			buildConfigurations = (
				098AADC0227303AB00432B87 /* Debug */,
				098AADC1227303AB00432B87 /* Release */,
			);
			defaultConfigurationIsVisible = 0;
			defaultConfigurationName = Release;
		};
/* End XCConfigurationList section */
	};
	rootObject = 098AAD9F227303AA00432B87 /* Project object */;
}
